<?xml version="1.0" encoding="utf-8"?>
<Project ToolsVersion="4.0" xmlns="http://schemas.microsoft.com/developer/msbuild/2003">
  <ItemGroup>
    <Filter Include="src">
      <UniqueIdentifier>{b01c19ec-5b5c-4c95-b710-55433f85a04e}</UniqueIdentifier>
    </Filter>
  </ItemGroup>
  <ItemGroup>
    <ClCompile Include="src\parse_int.c">
      <Filter>src</Filter>
    </ClCompile>
    <ClCompile Include="src\parse_int.inl.c">
      <Filter>src</Filter>
    </ClCompile>
    <ClCompile Include="src\parse_int_fuzz.cpp">
      <Filter>src</Filter>
    </ClCompile>
  </ItemGroup>
  <ItemGroup>
    <ClInclude Include="src\parse_int.h">
      <Filter>src</Filter>
    </ClInclude>
    <ClInclude Include="src\parse_int.inl.h">
      <Filter>src</Filter>
    </ClInclude>
  </ItemGroup>
</Project>